
Microsoft Visual Studio Solution File, Format Version 12.00
# Visual Studio Version 16
VisualStudioVersion = 16.0.31005.135
MinimumVisualStudioVersion = 10.0.40219.1
Project("{FAE04EC0-301F-11D3-BF4B-00C04F79EFBC}") = "DSVideoInputView", "DSVideoInputView\DSVideoInputView.csproj", "{EA66BB11-5F92-4996-9E93-1693008A6270}"
EndProject
Global
	GlobalSection(SolutionConfigurationPlatforms) = preSolution
		Debug|Any CPU = Debug|Any CPU
		Release|Any CPU = Release|Any CPU
	EndGlobalSection
	GlobalSection(ProjectConfigurationPlatforms) = postSolution
		{EA66BB11-5F92-4996-9E93-1693008A6270}.Debug|Any CPU.ActiveCfg = Debug|Any CPU
		{EA66BB11-5F92-4996-9E93-1693008A6270}.Debug|Any CPU.Build.0 = Debug|Any CPU
		{EA66BB11-5F92-4996-9E93-1693008A6270}.Release|Any CPU.ActiveCfg = Release|Any CPU
		{EA66BB11-5F92-4996-9E93-1693008A6270}.Release|Any CPU.Build.0 = Release|Any CPU
	EndGlobalSection
	GlobalSection(SolutionProperties) = preSolution
		HideSolutionNode = FALSE
	EndGlobalSection
	GlobalSection(ExtensibilityGlobals) = postSolution
		SolutionGuid = {991A4312-9FF2-4128-A160-0DD0F3229383}
	EndGlobalSection
EndGlobal
